
Microsoft Visual Studio Solution File, Format Version 12.00
# Visual Studio Version 17
VisualStudioVersion = 17.13.35828.75 d17.13
MinimumVisualStudioVersion = 10.0.40219.1
Project("{FAE04EC0-301F-11D3-BF4B-00C04F79EFBC}") = "tela de login joão 02", "tela de login joão 02.csproj", "{4CCA4614-4E47-43A9-8542-0FCDBDFE539B}"
EndProject
Global
	GlobalSection(SolutionConfigurationPlatforms) = preSolution
		Debug|Any CPU = Debug|Any CPU
		Release|Any CPU = Release|Any CPU
	EndGlobalSection
	GlobalSection(ProjectConfigurationPlatforms) = postSolution
		{4CCA4614-4E47-43A9-8542-0FCDBDFE539B}.Debug|Any CPU.ActiveCfg = Debug|Any CPU
		{4CCA4614-4E47-43A9-8542-0FCDBDFE539B}.Debug|Any CPU.Build.0 = Debug|Any CPU
		{4CCA4614-4E47-43A9-8542-0FCDBDFE539B}.Release|Any CPU.ActiveCfg = Release|Any CPU
		{4CCA4614-4E47-43A9-8542-0FCDBDFE539B}.Release|Any CPU.Build.0 = Release|Any CPU
	EndGlobalSection
	GlobalSection(SolutionProperties) = preSolution
		HideSolutionNode = FALSE
	EndGlobalSection
	GlobalSection(ExtensibilityGlobals) = postSolution
		SolutionGuid = {B1A5D0F6-21A6-48D5-90FB-A44AADE7D2D9}
	EndGlobalSection
EndGlobal
